// !$*UTF8*$!
{
	archiveVersion = 1;
	classes = {
	};
	objectVersion = 50;
	objects = {

/* Begin PBXBuildFile section */
		9A19BE012079BFDC00967EE7 /* PBTPublishStickerModel.m in Sources */ = {isa = PBXBuildFile; fileRef = 9A19BE002079BFDC00967EE7 /* PBTPublishStickerModel.m */; };
		9A19BE04207A218E00967EE7 /* PBTPublishSingleHandGestureRecognizer.m in Sources */ = {isa = PBXBuildFile; fileRef = 9A19BE03207A218E00967EE7 /* PBTPublishSingleHandGestureRecognizer.m */; };
		9AC7C0092074D05000C563F2 /* PBTPublishStickerView.m in Sources */ = {isa = PBXBuildFile; fileRef = 9AC7C0082074D05000C563F2 /* PBTPublishStickerView.m */; };
		9AC7C00C2074D09800C563F2 /* PBTPublishStickerBorderView.m in Sources */ = {isa = PBXBuildFile; fileRef = 9AC7C00B2074D09800C563F2 /* PBTPublishStickerBorderView.m */; };
		9AF56E6420731F32001287E0 /* AppDelegate.m in Sources */ = {isa = PBXBuildFile; fileRef = 9AF56E6320731F32001287E0 /* AppDelegate.m */; };
		9AF56E6720731F32001287E0 /* ViewController.m in Sources */ = {isa = PBXBuildFile; fileRef = 9AF56E6620731F32001287E0 /* ViewController.m */; };
		9AF56E6A20731F32001287E0 /* Main.storyboard in Resources */ = {isa = PBXBuildFile; fileRef = 9AF56E6820731F32001287E0 /* Main.storyboard */; };
		9AF56E6C20731F33001287E0 /* Assets.xcassets in Resources */ = {isa = PBXBuildFile; fileRef = 9AF56E6B20731F33001287E0 /* Assets.xcassets */; };
		9AF56E6F20731F33001287E0 /* LaunchScreen.storyboard in Resources */ = {isa = PBXBuildFile; fileRef = 9AF56E6D20731F33001287E0 /* LaunchScreen.storyboard */; };
		9AF56E7220731F33001287E0 /* main.m in Sources */ = {isa = PBXBuildFile; fileRef = 9AF56E7120731F33001287E0 /* main.m */; };
		9AF56E7C20731F34001287E0 /* EditStickersDemoTests.m in Sources */ = {isa = PBXBuildFile; fileRef = 9AF56E7B20731F34001287E0 /* EditStickersDemoTests.m */; };
		9AF56E8720731F34001287E0 /* EditStickersDemoUITests.m in Sources */ = {isa = PBXBuildFile; fileRef = 9AF56E8620731F34001287E0 /* EditStickersDemoUITests.m */; };
		9AF56E9520731F62001287E0 /* testImage.png in Resources */ = {isa = PBXBuildFile; fileRef = 9AF56E9420731F62001287E0 /* testImage.png */; };
/* End PBXBuildFile section */

/* Begin PBXContainerItemProxy section */
		9AF56E7820731F34001287E0 /* PBXContainerItemProxy */ = {
			isa = PBXContainerItemProxy;
			containerPortal = 9AF56E5720731F32001287E0 /* Project object */;
			proxyType = 1;
			remoteGlobalIDString = 9AF56E5E20731F32001287E0;
			remoteInfo = EditStickersDemo;
		};
		9AF56E8320731F34001287E0 /* PBXContainerItemProxy */ = {
			isa = PBXContainerItemProxy;
			containerPortal = 9AF56E5720731F32001287E0 /* Project object */;
			proxyType = 1;
			remoteGlobalIDString = 9AF56E5E20731F32001287E0;
			remoteInfo = EditStickersDemo;
		};
/* End PBXContainerItemProxy section */

/* Begin PBXFileReference section */
		9A19BDFF2079BFDC00967EE7 /* PBTPublishStickerModel.h */ = {isa = PBXFileReference; lastKnownFileType = sourcecode.c.h; path = PBTPublishStickerModel.h; sourceTree = "<group>"; };
		9A19BE002079BFDC00967EE7 /* PBTPublishStickerModel.m */ = {isa = PBXFileReference; lastKnownFileType = sourcecode.c.objc; path = PBTPublishStickerModel.m; sourceTree = "<group>"; };
		9A19BE02207A218E00967EE7 /* PBTPublishSingleHandGestureRecognizer.h */ = {isa = PBXFileReference; lastKnownFileType = sourcecode.c.h; path = PBTPublishSingleHandGestureRecognizer.h; sourceTree = "<group>"; };
		9A19BE03207A218E00967EE7 /* PBTPublishSingleHandGestureRecognizer.m */ = {isa = PBXFileReference; lastKnownFileType = sourcecode.c.objc; path = PBTPublishSingleHandGestureRecognizer.m; sourceTree = "<group>"; };
		9AC7C0072074D05000C563F2 /* PBTPublishStickerView.h */ = {isa = PBXFileReference; lastKnownFileType = sourcecode.c.h; path = PBTPublishStickerView.h; sourceTree = "<group>"; };
		9AC7C0082074D05000C563F2 /* PBTPublishStickerView.m */ = {isa = PBXFileReference; lastKnownFileType = sourcecode.c.objc; path = PBTPublishStickerView.m; sourceTree = "<group>"; };
		9AC7C00A2074D09800C563F2 /* PBTPublishStickerBorderView.h */ = {isa = PBXFileReference; lastKnownFileType = sourcecode.c.h; path = PBTPublishStickerBorderView.h; sourceTree = "<group>"; };
		9AC7C00B2074D09800C563F2 /* PBTPublishStickerBorderView.m */ = {isa = PBXFileReference; lastKnownFileType = sourcecode.c.objc; path = PBTPublishStickerBorderView.m; sourceTree = "<group>"; };
		9AF56E5F20731F32001287E0 /* EditStickersDemo.app */ = {isa = PBXFileReference; explicitFileType = wrapper.application; includeInIndex = 0; path = EditStickersDemo.app; sourceTree = BUILT_PRODUCTS_DIR; };
		9AF56E6220731F32001287E0 /* AppDelegate.h */ = {isa = PBXFileReference; lastKnownFileType = sourcecode.c.h; path = AppDelegate.h; sourceTree = "<group>"; };
		9AF56E6320731F32001287E0 /* AppDelegate.m */ = {isa = PBXFileReference; lastKnownFileType = sourcecode.c.objc; path = AppDelegate.m; sourceTree = "<group>"; };
		9AF56E6520731F32001287E0 /* ViewController.h */ = {isa = PBXFileReference; lastKnownFileType = sourcecode.c.h; path = ViewController.h; sourceTree = "<group>"; };
		9AF56E6620731F32001287E0 /* ViewController.m */ = {isa = PBXFileReference; lastKnownFileType = sourcecode.c.objc; path = ViewController.m; sourceTree = "<group>"; };
		9AF56E6920731F32001287E0 /* Base */ = {isa = PBXFileReference; lastKnownFileType = file.storyboard; name = Base; path = Base.lproj/Main.storyboard; sourceTree = "<group>"; };
		9AF56E6B20731F33001287E0 /* Assets.xcassets */ = {isa = PBXFileReference; lastKnownFileType = folder.assetcatalog; path = Assets.xcassets; sourceTree = "<group>"; };
		9AF56E6E20731F33001287E0 /* Base */ = {isa = PBXFileReference; lastKnownFileType = file.storyboard; name = Base; path = Base.lproj/LaunchScreen.storyboard; sourceTree = "<group>"; };
		9AF56E7020731F33001287E0 /* Info.plist */ = {isa = PBXFileReference; lastKnownFileType = text.plist.xml; path = Info.plist; sourceTree = "<group>"; };
		9AF56E7120731F33001287E0 /* main.m */ = {isa = PBXFileReference; lastKnownFileType = sourcecode.c.objc; path = main.m; sourceTree = "<group>"; };
		9AF56E7720731F34001287E0 /* EditStickersDemoTests.xctest */ = {isa = PBXFileReference; explicitFileType = wrapper.cfbundle; includeInIndex = 0; path = EditStickersDemoTests.xctest; sourceTree = BUILT_PRODUCTS_DIR; };
		9AF56E7B20731F34001287E0 /* EditStickersDemoTests.m */ = {isa = PBXFileReference; lastKnownFileType = sourcecode.c.objc; path = EditStickersDemoTests.m; sourceTree = "<group>"; };
		9AF56E7D20731F34001287E0 /* Info.plist */ = {isa = PBXFileReference; lastKnownFileType = text.plist.xml; path = Info.plist; sourceTree = "<group>"; };
		9AF56E8220731F34001287E0 /* EditStickersDemoUITests.xctest */ = {isa = PBXFileReference; explicitFileType = wrapper.cfbundle; includeInIndex = 0; path = EditStickersDemoUITests.xctest; sourceTree = BUILT_PRODUCTS_DIR; };
		9AF56E8620731F34001287E0 /* EditStickersDemoUITests.m */ = {isa = PBXFileReference; lastKnownFileType = sourcecode.c.objc; path = EditStickersDemoUITests.m; sourceTree = "<group>"; };
		9AF56E8820731F34001287E0 /* Info.plist */ = {isa = PBXFileReference; lastKnownFileType = text.plist.xml; path = Info.plist; sourceTree = "<group>"; };
		9AF56E9420731F62001287E0 /* testImage.png */ = {isa = PBXFileReference; lastKnownFileType = image.png; path = testImage.png; sourceTree = "<group>"; };
/* End PBXFileReference section */

/* Begin PBXFrameworksBuildPhase section */
		9AF56E5C20731F32001287E0 /* Frameworks */ = {
			isa = PBXFrameworksBuildPhase;
			buildActionMask = 2147483647;
			files = (
			);
			runOnlyForDeploymentPostprocessing = 0;
		};
		9AF56E7420731F34001287E0 /* Frameworks */ = {
			isa = PBXFrameworksBuildPhase;
			buildActionMask = 2147483647;
			files = (
			);
			runOnlyForDeploymentPostprocessing = 0;
		};
		9AF56E7F20731F34001287E0 /* Frameworks */ = {
			isa = PBXFrameworksBuildPhase;
			buildActionMask = 2147483647;
			files = (
			);
			runOnlyForDeploymentPostprocessing = 0;
		};
/* End PBXFrameworksBuildPhase section */

/* Begin PBXGroup section */
		9AF56E5620731F32001287E0 = {
			isa = PBXGroup;
			children = (
				9AF56E6120731F32001287E0 /* EditStickersDemo */,
				9AF56E7A20731F34001287E0 /* EditStickersDemoTests */,
				9AF56E8520731F34001287E0 /* EditStickersDemoUITests */,
				9AF56E6020731F32001287E0 /* Products */,
			);
			sourceTree = "<group>";
		};
		9AF56E6020731F32001287E0 /* Products */ = {
			isa = PBXGroup;
			children = (
				9AF56E5F20731F32001287E0 /* EditStickersDemo.app */,
				9AF56E7720731F34001287E0 /* EditStickersDemoTests.xctest */,
				9AF56E8220731F34001287E0 /* EditStickersDemoUITests.xctest */,
			);
			name = Products;
			sourceTree = "<group>";
		};
		9AF56E6120731F32001287E0 /* EditStickersDemo */ = {
			isa = PBXGroup;
			children = (
				9AF56E6220731F32001287E0 /* AppDelegate.h */,
				9AF56E6320731F32001287E0 /* AppDelegate.m */,
				9AF56E6520731F32001287E0 /* ViewController.h */,
				9AF56E6620731F32001287E0 /* ViewController.m */,
				9AF56E9920731F7E001287E0 /* PBTPublishStickerView */,
				9AF56E9420731F62001287E0 /* testImage.png */,
				9AF56E6820731F32001287E0 /* Main.storyboard */,
				9AF56E6B20731F33001287E0 /* Assets.xcassets */,
				9AF56E6D20731F33001287E0 /* LaunchScreen.storyboard */,
				9AF56E7020731F33001287E0 /* Info.plist */,
				9AF56E7120731F33001287E0 /* main.m */,
			);
			path = EditStickersDemo;
			sourceTree = "<group>";
		};
		9AF56E7A20731F34001287E0 /* EditStickersDemoTests */ = {
			isa = PBXGroup;
			children = (
				9AF56E7B20731F34001287E0 /* EditStickersDemoTests.m */,
				9AF56E7D20731F34001287E0 /* Info.plist */,
			);
			path = EditStickersDemoTests;
			sourceTree = "<group>";
		};
		9AF56E8520731F34001287E0 /* EditStickersDemoUITests */ = {
			isa = PBXGroup;
			children = (
				9AF56E8620731F34001287E0 /* EditStickersDemoUITests.m */,
				9AF56E8820731F34001287E0 /* Info.plist */,
			);
			path = EditStickersDemoUITests;
			sourceTree = "<group>";
		};
		9AF56E9920731F7E001287E0 /* PBTPublishStickerView */ = {
			isa = PBXGroup;
			children = (
				9AC7C0072074D05000C563F2 /* PBTPublishStickerView.h */,
				9AC7C0082074D05000C563F2 /* PBTPublishStickerView.m */,
				9A19BDFF2079BFDC00967EE7 /* PBTPublishStickerModel.h */,
				9A19BE002079BFDC00967EE7 /* PBTPublishStickerModel.m */,
				9AC7C00A2074D09800C563F2 /* PBTPublishStickerBorderView.h */,
				9AC7C00B2074D09800C563F2 /* PBTPublishStickerBorderView.m */,
				9A19BE02207A218E00967EE7 /* PBTPublishSingleHandGestureRecognizer.h */,
				9A19BE03207A218E00967EE7 /* PBTPublishSingleHandGestureRecognizer.m */,
			);
			name = PBTPublishStickerView;
			sourceTree = "<group>";
		};
/* End PBXGroup section */

/* Begin PBXNativeTarget section */
		9AF56E5E20731F32001287E0 /* EditStickersDemo */ = {
			isa = PBXNativeTarget;
			buildConfigurationList = 9AF56E8B20731F34001287E0 /* Build configuration list for PBXNativeTarget "EditStickersDemo" */;
			buildPhases = (
				9AF56E5B20731F32001287E0 /* Sources */,
				9AF56E5C20731F32001287E0 /* Frameworks */,
				9AF56E5D20731F32001287E0 /* Resources */,
			);
			buildRules = (
			);
			dependencies = (
			);
			name = EditStickersDemo;
			productName = EditStickersDemo;
			productReference = 9AF56E5F20731F32001287E0 /* EditStickersDemo.app */;
			productType = "com.apple.product-type.application";
		};
		9AF56E7620731F34001287E0 /* EditStickersDemoTests */ = {
			isa = PBXNativeTarget;
			buildConfigurationList = 9AF56E8E20731F34001287E0 /* Build configuration list for PBXNativeTarget "EditStickersDemoTests" */;
			buildPhases = (
				9AF56E7320731F34001287E0 /* Sources */,
				9AF56E7420731F34001287E0 /* Frameworks */,
				9AF56E7520731F34001287E0 /* Resources */,
			);
			buildRules = (
			);
			dependencies = (
				9AF56E7920731F34001287E0 /* PBXTargetDependency */,
			);
			name = EditStickersDemoTests;
			productName = EditStickersDemoTests;
			productReference = 9AF56E7720731F34001287E0 /* EditStickersDemoTests.xctest */;
			productType = "com.apple.product-type.bundle.unit-test";
		};
		9AF56E8120731F34001287E0 /* EditStickersDemoUITests */ = {
			isa = PBXNativeTarget;
			buildConfigurationList = 9AF56E9120731F34001287E0 /* Build configuration list for PBXNativeTarget "EditStickersDemoUITests" */;
			buildPhases = (
				9AF56E7E20731F34001287E0 /* Sources */,
				9AF56E7F20731F34001287E0 /* Frameworks */,
				9AF56E8020731F34001287E0 /* Resources */,
			);
			buildRules = (
			);
			dependencies = (
				9AF56E8420731F34001287E0 /* PBXTargetDependency */,
			);
			name = EditStickersDemoUITests;
			productName = EditStickersDemoUITests;
			productReference = 9AF56E8220731F34001287E0 /* EditStickersDemoUITests.xctest */;
			productType = "com.apple.product-type.bundle.ui-testing";
		};
/* End PBXNativeTarget section */

/* Begin PBXProject section */
		9AF56E5720731F32001287E0 /* Project object */ = {
			isa = PBXProject;
			attributes = {
				LastUpgradeCheck = 0930;
				ORGANIZATIONNAME = yu;
				TargetAttributes = {
					9AF56E5E20731F32001287E0 = {
						CreatedOnToolsVersion = 9.3;
					};
					9AF56E7620731F34001287E0 = {
						CreatedOnToolsVersion = 9.3;
						TestTargetID = 9AF56E5E20731F32001287E0;
					};
					9AF56E8120731F34001287E0 = {
						CreatedOnToolsVersion = 9.3;
						TestTargetID = 9AF56E5E20731F32001287E0;
					};
				};
			};
			buildConfigurationList = 9AF56E5A20731F32001287E0 /* Build configuration list for PBXProject "EditStickersDemo" */;
			compatibilityVersion = "Xcode 9.3";
			developmentRegion = en;
			hasScannedForEncodings = 0;
			knownRegions = (
				en,
				Base,
			);
			mainGroup = 9AF56E5620731F32001287E0;
			productRefGroup = 9AF56E6020731F32001287E0 /* Products */;
			projectDirPath = "";
			projectRoot = "";
			targets = (
				9AF56E5E20731F32001287E0 /* EditStickersDemo */,
				9AF56E7620731F34001287E0 /* EditStickersDemoTests */,
				9AF56E8120731F34001287E0 /* EditStickersDemoUITests */,
			);
		};
/* End PBXProject section */

/* Begin PBXResourcesBuildPhase section */
		9AF56E5D20731F32001287E0 /* Resources */ = {
			isa = PBXResourcesBuildPhase;
			buildActionMask = 2147483647;
			files = (
				9AF56E6F20731F33001287E0 /* LaunchScreen.storyboard in Resources */,
				9AF56E6C20731F33001287E0 /* Assets.xcassets in Resources */,
				9AF56E6A20731F32001287E0 /* Main.storyboard in Resources */,
				9AF56E9520731F62001287E0 /* testImage.png in Resources */,
			);
			runOnlyForDeploymentPostprocessing = 0;
		};
		9AF56E7520731F34001287E0 /* Resources */ = {
			isa = PBXResourcesBuildPhase;
			buildActionMask = 2147483647;
			files = (
			);
			runOnlyForDeploymentPostprocessing = 0;
		};
		9AF56E8020731F34001287E0 /* Resources */ = {
			isa = PBXResourcesBuildPhase;
			buildActionMask = 2147483647;
			files = (
			);
			runOnlyForDeploymentPostprocessing = 0;
		};
/* End PBXResourcesBuildPhase section */

/* Begin PBXSourcesBuildPhase section */
		9AF56E5B20731F32001287E0 /* Sources */ = {
			isa = PBXSourcesBuildPhase;
			buildActionMask = 2147483647;
			files = (
				9AF56E6720731F32001287E0 /* ViewController.m in Sources */,
				9AC7C0092074D05000C563F2 /* PBTPublishStickerView.m in Sources */,
				9A19BE04207A218E00967EE7 /* PBTPublishSingleHandGestureRecognizer.m in Sources */,
				9A19BE012079BFDC00967EE7 /* PBTPublishStickerModel.m in Sources */,
				9AF56E7220731F33001287E0 /* main.m in Sources */,
				9AC7C00C2074D09800C563F2 /* PBTPublishStickerBorderView.m in Sources */,
				9AF56E6420731F32001287E0 /* AppDelegate.m in Sources */,
			);
			runOnlyForDeploymentPostprocessing = 0;
		};
		9AF56E7320731F34001287E0 /* Sources */ = {
			isa = PBXSourcesBuildPhase;
			buildActionMask = 2147483647;
			files = (
				9AF56E7C20731F34001287E0 /* EditStickersDemoTests.m in Sources */,
			);
			runOnlyForDeploymentPostprocessing = 0;
		};
		9AF56E7E20731F34001287E0 /* Sources */ = {
			isa = PBXSourcesBuildPhase;
			buildActionMask = 2147483647;
			files = (
				9AF56E8720731F34001287E0 /* EditStickersDemoUITests.m in Sources */,
			);
			runOnlyForDeploymentPostprocessing = 0;
		};
/* End PBXSourcesBuildPhase section */

/* Begin PBXTargetDependency section */
		9AF56E7920731F34001287E0 /* PBXTargetDependency */ = {
			isa = PBXTargetDependency;
			target = 9AF56E5E20731F32001287E0 /* EditStickersDemo */;
			targetProxy = 9AF56E7820731F34001287E0 /* PBXContainerItemProxy */;
		};
		9AF56E8420731F34001287E0 /* PBXTargetDependency */ = {
			isa = PBXTargetDependency;
			target = 9AF56E5E20731F32001287E0 /* EditStickersDemo */;
			targetProxy = 9AF56E8320731F34001287E0 /* PBXContainerItemProxy */;
		};
/* End PBXTargetDependency section */

/* Begin PBXVariantGroup section */
		9AF56E6820731F32001287E0 /* Main.storyboard */ = {
			isa = PBXVariantGroup;
			children = (
				9AF56E6920731F32001287E0 /* Base */,
			);
			name = Main.storyboard;
			sourceTree = "<group>";
		};
		9AF56E6D20731F33001287E0 /* LaunchScreen.storyboard */ = {
			isa = PBXVariantGroup;
			children = (
				9AF56E6E20731F33001287E0 /* Base */,
			);
			name = LaunchScreen.storyboard;
			sourceTree = "<group>";
		};
/* End PBXVariantGroup section */

/* Begin XCBuildConfiguration section */
		9AF56E8920731F34001287E0 /* Debug */ = {
			isa = XCBuildConfiguration;
			buildSettings = {
				ALWAYS_SEARCH_USER_PATHS = NO;
				CLANG_ANALYZER_NONNULL = YES;
				CLANG_ANALYZER_NUMBER_OBJECT_CONVERSION = YES_AGGRESSIVE;
				CLANG_CXX_LANGUAGE_STANDARD = "gnu++14";
				CLANG_CXX_LIBRARY = "libc++";
				CLANG_ENABLE_MODULES = YES;
				CLANG_ENABLE_OBJC_ARC = YES;
				CLANG_ENABLE_OBJC_WEAK = YES;
				CLANG_WARN_BLOCK_CAPTURE_AUTORELEASING = YES;
				CLANG_WARN_BOOL_CONVERSION = YES;
				CLANG_WARN_COMMA = YES;
				CLANG_WARN_CONSTANT_CONVERSION = YES;
				CLANG_WARN_DEPRECATED_OBJC_IMPLEMENTATIONS = YES;
				CLANG_WARN_DIRECT_OBJC_ISA_USAGE = YES_ERROR;
				CLANG_WARN_DOCUMENTATION_COMMENTS = YES;
				CLANG_WARN_EMPTY_BODY = YES;
				CLANG_WARN_ENUM_CONVERSION = YES;
				CLANG_WARN_INFINITE_RECURSION = YES;
				CLANG_WARN_INT_CONVERSION = YES;
				CLANG_WARN_NON_LITERAL_NULL_CONVERSION = YES;
				CLANG_WARN_OBJC_IMPLICIT_RETAIN_SELF = YES;
				CLANG_WARN_OBJC_LITERAL_CONVERSION = YES;
				CLANG_WARN_OBJC_ROOT_CLASS = YES_ERROR;
				CLANG_WARN_RANGE_LOOP_ANALYSIS = YES;
				CLANG_WARN_STRICT_PROTOTYPES = YES;
				CLANG_WARN_SUSPICIOUS_MOVE = YES;
				CLANG_WARN_UNGUARDED_AVAILABILITY = YES_AGGRESSIVE;
				CLANG_WARN_UNREACHABLE_CODE = YES;
				CLANG_WARN__DUPLICATE_METHOD_MATCH = YES;
				CODE_SIGN_IDENTITY = "iPhone Developer";
				COPY_PHASE_STRIP = NO;
				DEBUG_INFORMATION_FORMAT = dwarf;
				ENABLE_STRICT_OBJC_MSGSEND = YES;
				ENABLE_TESTABILITY = YES;
				GCC_C_LANGUAGE_STANDARD = gnu11;
				GCC_DYNAMIC_NO_PIC = NO;
				GCC_NO_COMMON_BLOCKS = YES;
				GCC_OPTIMIZATION_LEVEL = 0;
				GCC_PREPROCESSOR_DEFINITIONS = (
					"DEBUG=1",
					"$(inherited)",
				);
				GCC_WARN_64_TO_32_BIT_CONVERSION = YES;
				GCC_WARN_ABOUT_RETURN_TYPE = YES_ERROR;
				GCC_WARN_UNDECLARED_SELECTOR = YES;
				GCC_WARN_UNINITIALIZED_AUTOS = YES_AGGRESSIVE;
				GCC_WARN_UNUSED_FUNCTION = YES;
				GCC_WARN_UNUSED_VARIABLE = YES;
				IPHONEOS_DEPLOYMENT_TARGET = 11.3;
				MTL_ENABLE_DEBUG_INFO = YES;
				ONLY_ACTIVE_ARCH = YES;
				SDKROOT = iphoneos;
			};
			name = Debug;
		};
		9AF56E8A20731F34001287E0 /* Release */ = {
			isa = XCBuildConfiguration;
			buildSettings = {
				ALWAYS_SEARCH_USER_PATHS = NO;
				CLANG_ANALYZER_NONNULL = YES;
				CLANG_ANALYZER_NUMBER_OBJECT_CONVERSION = YES_AGGRESSIVE;
				CLANG_CXX_LANGUAGE_STANDARD = "gnu++14";
				CLANG_CXX_LIBRARY = "libc++";
				CLANG_ENABLE_MODULES = YES;
				CLANG_ENABLE_OBJC_ARC = YES;
				CLANG_ENABLE_OBJC_WEAK = YES;
				CLANG_WARN_BLOCK_CAPTURE_AUTORELEASING = YES;
				CLANG_WARN_BOOL_CONVERSION = YES;
				CLANG_WARN_COMMA = YES;
				CLANG_WARN_CONSTANT_CONVERSION = YES;
				CLANG_WARN_DEPRECATED_OBJC_IMPLEMENTATIONS = YES;
				CLANG_WARN_DIRECT_OBJC_ISA_USAGE = YES_ERROR;
				CLANG_WARN_DOCUMENTATION_COMMENTS = YES;
				CLANG_WARN_EMPTY_BODY = YES;
				CLANG_WARN_ENUM_CONVERSION = YES;
				CLANG_WARN_INFINITE_RECURSION = YES;
				CLANG_WARN_INT_CONVERSION = YES;
				CLANG_WARN_NON_LITERAL_NULL_CONVERSION = YES;
				CLANG_WARN_OBJC_IMPLICIT_RETAIN_SELF = YES;
				CLANG_WARN_OBJC_LITERAL_CONVERSION = YES;
				CLANG_WARN_OBJC_ROOT_CLASS = YES_ERROR;
				CLANG_WARN_RANGE_LOOP_ANALYSIS = YES;
				CLANG_WARN_STRICT_PROTOTYPES = YES;
				CLANG_WARN_SUSPICIOUS_MOVE = YES;
				CLANG_WARN_UNGUARDED_AVAILABILITY = YES_AGGRESSIVE;
				CLANG_WARN_UNREACHABLE_CODE = YES;
				CLANG_WARN__DUPLICATE_METHOD_MATCH = YES;
				CODE_SIGN_IDENTITY = "iPhone Developer";
				COPY_PHASE_STRIP = NO;
				DEBUG_INFORMATION_FORMAT = "dwarf-with-dsym";
				ENABLE_NS_ASSERTIONS = NO;
				ENABLE_STRICT_OBJC_MSGSEND = YES;
				GCC_C_LANGUAGE_STANDARD = gnu11;
				GCC_NO_COMMON_BLOCKS = YES;
				GCC_WARN_64_TO_32_BIT_CONVERSION = YES;
				GCC_WARN_ABOUT_RETURN_TYPE = YES_ERROR;
				GCC_WARN_UNDECLARED_SELECTOR = YES;
				GCC_WARN_UNINITIALIZED_AUTOS = YES_AGGRESSIVE;
				GCC_WARN_UNUSED_FUNCTION = YES;
				GCC_WARN_UNUSED_VARIABLE = YES;
				IPHONEOS_DEPLOYMENT_TARGET = 11.3;
				MTL_ENABLE_DEBUG_INFO = NO;
				SDKROOT = iphoneos;
				VALIDATE_PRODUCT = YES;
			};
			name = Release;
		};
		9AF56E8C20731F34001287E0 /* Debug */ = {
			isa = XCBuildConfiguration;
			buildSettings = {
				ASSETCATALOG_COMPILER_APPICON_NAME = AppIcon;
				CODE_SIGN_STYLE = Automatic;
				DEVELOPMENT_TEAM = D882YEGCUP;
				INFOPLIST_FILE = EditStickersDemo/Info.plist;
				IPHONEOS_DEPLOYMENT_TARGET = 9.0;
				LD_RUNPATH_SEARCH_PATHS = (
					"$(inherited)",
					"@executable_path/Frameworks",
				);
				PRODUCT_BUNDLE_IDENTIFIER = panda.EditStickersDemo;
				PRODUCT_NAME = "$(TARGET_NAME)";
				TARGETED_DEVICE_FAMILY = "1,2";
			};
			name = Debug;
		};
		9AF56E8D20731F34001287E0 /* Release */ = {
			isa = XCBuildConfiguration;
			buildSettings = {
				ASSETCATALOG_COMPILER_APPICON_NAME = AppIcon;
				CODE_SIGN_STYLE = Automatic;
				DEVELOPMENT_TEAM = D882YEGCUP;
				INFOPLIST_FILE = EditStickersDemo/Info.plist;
				IPHONEOS_DEPLOYMENT_TARGET = 9.0;
				LD_RUNPATH_SEARCH_PATHS = (
					"$(inherited)",
					"@executable_path/Frameworks",
				);
				PRODUCT_BUNDLE_IDENTIFIER = panda.EditStickersDemo;
				PRODUCT_NAME = "$(TARGET_NAME)";
				TARGETED_DEVICE_FAMILY = "1,2";
			};
			name = Release;
		};
		9AF56E8F20731F34001287E0 /* Debug */ = {
			isa = XCBuildConfiguration;
			buildSettings = {
				BUNDLE_LOADER = "$(TEST_HOST)";
				CODE_SIGN_STYLE = Automatic;
				INFOPLIST_FILE = EditStickersDemoTests/Info.plist;
				LD_RUNPATH_SEARCH_PATHS = (
					"$(inherited)",
					"@executable_path/Frameworks",
					"@loader_path/Frameworks",
				);
				PRODUCT_BUNDLE_IDENTIFIER = panda.EditStickersDemoTests;
				PRODUCT_NAME = "$(TARGET_NAME)";
				TARGETED_DEVICE_FAMILY = "1,2";
				TEST_HOST = "$(BUILT_PRODUCTS_DIR)/EditStickersDemo.app/EditStickersDemo";
			};
			name = Debug;
		};
		9AF56E9020731F34001287E0 /* Release */ = {
			isa = XCBuildConfiguration;
			buildSettings = {
				BUNDLE_LOADER = "$(TEST_HOST)";
				CODE_SIGN_STYLE = Automatic;
				INFOPLIST_FILE = EditStickersDemoTests/Info.plist;
				LD_RUNPATH_SEARCH_PATHS = (
					"$(inherited)",
					"@executable_path/Frameworks",
					"@loader_path/Frameworks",
				);
				PRODUCT_BUNDLE_IDENTIFIER = panda.EditStickersDemoTests;
				PRODUCT_NAME = "$(TARGET_NAME)";
				TARGETED_DEVICE_FAMILY = "1,2";
				TEST_HOST = "$(BUILT_PRODUCTS_DIR)/EditStickersDemo.app/EditStickersDemo";
			};
			name = Release;
		};
		9AF56E9220731F34001287E0 /* Debug */ = {
			isa = XCBuildConfiguration;
			buildSettings = {
				CODE_SIGN_STYLE = Automatic;
				INFOPLIST_FILE = EditStickersDemoUITests/Info.plist;
				LD_RUNPATH_SEARCH_PATHS = (
					"$(inherited)",
					"@executable_path/Frameworks",
					"@loader_path/Frameworks",
				);
				PRODUCT_BUNDLE_IDENTIFIER = panda.EditStickersDemoUITests;
				PRODUCT_NAME = "$(TARGET_NAME)";
				TARGETED_DEVICE_FAMILY = "1,2";
				TEST_TARGET_NAME = EditStickersDemo;
			};
			name = Debug;
		};
		9AF56E9320731F34001287E0 /* Release */ = {
			isa = XCBuildConfiguration;
			buildSettings = {
				CODE_SIGN_STYLE = Automatic;
				INFOPLIST_FILE = EditStickersDemoUITests/Info.plist;
				LD_RUNPATH_SEARCH_PATHS = (
					"$(inherited)",
					"@executable_path/Frameworks",
					"@loader_path/Frameworks",
				);
				PRODUCT_BUNDLE_IDENTIFIER = panda.EditStickersDemoUITests;
				PRODUCT_NAME = "$(TARGET_NAME)";
				TARGETED_DEVICE_FAMILY = "1,2";
				TEST_TARGET_NAME = EditStickersDemo;
			};
			name = Release;
		};
/* End XCBuildConfiguration section */

/* Begin XCConfigurationList section */
		9AF56E5A20731F32001287E0 /* Build configuration list for PBXProject "EditStickersDemo" */ = {
			isa = XCConfigurationList;
			buildConfigurations = (
				9AF56E8920731F34001287E0 /* Debug */,
				9AF56E8A20731F34001287E0 /* Release */,
			);
			defaultConfigurationIsVisible = 0;
			defaultConfigurationName = Release;
		};
		9AF56E8B20731F34001287E0 /* Build configuration list for PBXNativeTarget "EditStickersDemo" */ = {
			isa = XCConfigurationList;
			buildConfigurations = (
				9AF56E8C20731F34001287E0 /* Debug */,
				9AF56E8D20731F34001287E0 /* Release */,
			);
			defaultConfigurationIsVisible = 0;
			defaultConfigurationName = Release;
		};
		9AF56E8E20731F34001287E0 /* Build configuration list for PBXNativeTarget "EditStickersDemoTests" */ = {
			isa = XCConfigurationList;
			buildConfigurations = (
				9AF56E8F20731F34001287E0 /* Debug */,
				9AF56E9020731F34001287E0 /* Release */,
			);
			defaultConfigurationIsVisible = 0;
			defaultConfigurationName = Release;
		};
		9AF56E9120731F34001287E0 /* Build configuration list for PBXNativeTarget "EditStickersDemoUITests" */ = {
			isa = XCConfigurationList;
			buildConfigurations = (
				9AF56E9220731F34001287E0 /* Debug */,
				9AF56E9320731F34001287E0 /* Release */,
			);
			defaultConfigurationIsVisible = 0;
			defaultConfigurationName = Release;
		};
/* End XCConfigurationList section */
	};
	rootObject = 9AF56E5720731F32001287E0 /* Project object */;
}
